
Microsoft Visual Studio Solution File, Format Version 12.00
# Visual Studio Version 17
VisualStudioVersion = 17.11.35222.181
MinimumVisualStudioVersion = 10.0.40219.1
Project("{FAE04EC0-301F-11D3-BF4B-00C04F79EFBC}") = "5M13conSzybkiePotegowanie", "5M13conSzybkiePotegowanie\5M13conSzybkiePotegowanie.csproj", "{B676179B-6527-464F-BD9B-343260AC4CB3}"
EndProject
Global
	GlobalSection(SolutionConfigurationPlatforms) = preSolution
		Debug|Any CPU = Debug|Any CPU
		Release|Any CPU = Release|Any CPU
	EndGlobalSection
	GlobalSection(ProjectConfigurationPlatforms) = postSolution
		{B676179B-6527-464F-BD9B-343260AC4CB3}.Debug|Any CPU.ActiveCfg = Debug|Any CPU
		{B676179B-6527-464F-BD9B-343260AC4CB3}.Debug|Any CPU.Build.0 = Debug|Any CPU
		{B676179B-6527-464F-BD9B-343260AC4CB3}.Release|Any CPU.ActiveCfg = Release|Any CPU
		{B676179B-6527-464F-BD9B-343260AC4CB3}.Release|Any CPU.Build.0 = Release|Any CPU
	EndGlobalSection
	GlobalSection(SolutionProperties) = preSolution
		HideSolutionNode = FALSE
	EndGlobalSection
	GlobalSection(ExtensibilityGlobals) = postSolution
		SolutionGuid = {84BA9455-C831-4456-8E80-462CA8FE1EF7}
	EndGlobalSection
EndGlobal
